# This file is automatically @generated by Poetry 1.7.1 and should not be changed by hand.

[[package]]
name = "certifi"
version = "2023.7.22"
description = "Python package for providing Mozilla's CA Bundle."
optional = false
python-versions = ">=3.6"
files = [
    {file = "certifi-2023.7.22-py3-none-any.whl", hash = "sha256:aaaa"},
    {file = "certifi-2023.7.22.tar.gz", hash = "sha256:bbbb"},
]

[[package]]
name = "requests"
version = "2.31.0"
description = "Python HTTP for Humans."
optional = false
python-versions = ">=3.7"
files = [
    {file = "requests-2.31.0-py3-none-any.whl", hash = "sha256:cccc"},
    {file = "requests-2.31.0.tar.gz", hash = "sha256:dddd"},
]

[package.dependencies]
certifi = ">=2017.4.17"

[[package]]
name = "local-pkg"
version = "0.1.0"
description = ""
optional = false
python-versions = "*"
files = []
develop = false

[package.source]
type = "directory"
url = "../local-pkg"

[[package]]
name = "git-pkg"
version = "1.0.0"
description = ""
optional = false
python-versions = "*"
files = []
develop = false

[package.source]
type = "git"
url = "https://github.com/example/git-pkg.git"
reference = "HEAD"
resolved_reference = "abc123"

[metadata]
lock-version = "2.0"
python-versions = "^3.9"
content-hash = "0000000000000000000000000000000000000000000000000000000000000000"
